// !$*UTF8*$!
{
	archiveVersion = 1;
	classes = {
	};
	objectVersion = 55;
	objects = {

/* Begin PBXBuildFile section */
		6707A5192A14901C00425CB2 /* AlarmCell.swift in Sources */ = {isa = PBXBuildFile; fileRef = 6707A5182A14901C00425CB2 /* AlarmCell.swift */; };
		6707A51B2A149CF900425CB2 /* Alarm.swift in Sources */ = {isa = PBXBuildFile; fileRef = 6707A51A2A149CF900425CB2 /* Alarm.swift */; };
		6707A51D2A14D8A600425CB2 /* AlarmDetailsViewController.swift in Sources */ = {isa = PBXBuildFile; fileRef = 6707A51C2A14D8A600425CB2 /* AlarmDetailsViewController.swift */; };
		67479F2D2A17419100FC8F04 /* ActionButton.swift in Sources */ = {isa = PBXBuildFile; fileRef = 67479F2C2A17419100FC8F04 /* ActionButton.swift */; };
		675CC97D2A00D26F0021C2DC /* AppDelegate.swift in Sources */ = {isa = PBXBuildFile; fileRef = 675CC97C2A00D26F0021C2DC /* AppDelegate.swift */; };
		675CC97F2A00D26F0021C2DC /* SceneDelegate.swift in Sources */ = {isa = PBXBuildFile; fileRef = 675CC97E2A00D26F0021C2DC /* SceneDelegate.swift */; };
		675CC9812A00D26F0021C2DC /* AlarmListViewController.swift in Sources */ = {isa = PBXBuildFile; fileRef = 675CC9802A00D26F0021C2DC /* AlarmListViewController.swift */; };
		675CC9862A00D2710021C2DC /* Assets.xcassets in Resources */ = {isa = PBXBuildFile; fileRef = 675CC9852A00D2710021C2DC /* Assets.xcassets */; };
		675CC9892A00D2710021C2DC /* LaunchScreen.storyboard in Resources */ = {isa = PBXBuildFile; fileRef = 675CC9872A00D2710021C2DC /* LaunchScreen.storyboard */; };
		67A801972A15BB31004882FD /* Constants.swift in Sources */ = {isa = PBXBuildFile; fileRef = 67A801962A15BB31004882FD /* Constants.swift */; };
/* End PBXBuildFile section */

/* Begin PBXFileReference section */
		6707A5182A14901C00425CB2 /* AlarmCell.swift */ = {isa = PBXFileReference; lastKnownFileType = sourcecode.swift; path = AlarmCell.swift; sourceTree = "<group>"; };
		6707A51A2A149CF900425CB2 /* Alarm.swift */ = {isa = PBXFileReference; lastKnownFileType = sourcecode.swift; path = Alarm.swift; sourceTree = "<group>"; };
		6707A51C2A14D8A600425CB2 /* AlarmDetailsViewController.swift */ = {isa = PBXFileReference; lastKnownFileType = sourcecode.swift; path = AlarmDetailsViewController.swift; sourceTree = "<group>"; };
		67479F2C2A17419100FC8F04 /* ActionButton.swift */ = {isa = PBXFileReference; lastKnownFileType = sourcecode.swift; path = ActionButton.swift; sourceTree = "<group>"; };
		675CC9792A00D26F0021C2DC /* AlarmAccountability.app */ = {isa = PBXFileReference; explicitFileType = wrapper.application; includeInIndex = 0; path = AlarmAccountability.app; sourceTree = BUILT_PRODUCTS_DIR; };
		675CC97C2A00D26F0021C2DC /* AppDelegate.swift */ = {isa = PBXFileReference; lastKnownFileType = sourcecode.swift; path = AppDelegate.swift; sourceTree = "<group>"; };
		675CC97E2A00D26F0021C2DC /* SceneDelegate.swift */ = {isa = PBXFileReference; lastKnownFileType = sourcecode.swift; path = SceneDelegate.swift; sourceTree = "<group>"; };
		675CC9802A00D26F0021C2DC /* AlarmListViewController.swift */ = {isa = PBXFileReference; lastKnownFileType = sourcecode.swift; path = AlarmListViewController.swift; sourceTree = "<group>"; };
		675CC9852A00D2710021C2DC /* Assets.xcassets */ = {isa = PBXFileReference; lastKnownFileType = folder.assetcatalog; path = Assets.xcassets; sourceTree = "<group>"; };
		675CC9882A00D2710021C2DC /* Base */ = {isa = PBXFileReference; lastKnownFileType = file.storyboard; name = Base; path = Base.lproj/LaunchScreen.storyboard; sourceTree = "<group>"; };
		675CC98A2A00D2710021C2DC /* Info.plist */ = {isa = PBXFileReference; lastKnownFileType = text.plist.xml; path = Info.plist; sourceTree = "<group>"; };
		67A801962A15BB31004882FD /* Constants.swift */ = {isa = PBXFileReference; lastKnownFileType = sourcecode.swift; path = Constants.swift; sourceTree = "<group>"; };
/* End PBXFileReference section */

/* Begin PBXFrameworksBuildPhase section */
		675CC9762A00D26F0021C2DC /* Frameworks */ = {
			isa = PBXFrameworksBuildPhase;
			buildActionMask = 2147483647;
			files = (
			);
			runOnlyForDeploymentPostprocessing = 0;
		};
/* End PBXFrameworksBuildPhase section */

/* Begin PBXGroup section */
		675CC9702A00D26F0021C2DC = {
			isa = PBXGroup;
			children = (
				675CC97B2A00D26F0021C2DC /* AlarmAccountability */,
				675CC97A2A00D26F0021C2DC /* Products */,
			);
			sourceTree = "<group>";
		};
		675CC97A2A00D26F0021C2DC /* Products */ = {
			isa = PBXGroup;
			children = (
				675CC9792A00D26F0021C2DC /* AlarmAccountability.app */,
			);
			name = Products;
			sourceTree = "<group>";
		};
		675CC97B2A00D26F0021C2DC /* AlarmAccountability */ = {
			isa = PBXGroup;
			children = (
				67A801952A15BB12004882FD /* Utilities */,
				675CC97C2A00D26F0021C2DC /* AppDelegate.swift */,
				675CC97E2A00D26F0021C2DC /* SceneDelegate.swift */,
				675CC9922A00D6F70021C2DC /* Model */,
				675CC9902A00D6DD0021C2DC /* View */,
				675CC9912A00D6EA0021C2DC /* Controller */,
				675CC9852A00D2710021C2DC /* Assets.xcassets */,
				675CC9872A00D2710021C2DC /* LaunchScreen.storyboard */,
				675CC98A2A00D2710021C2DC /* Info.plist */,
			);
			path = AlarmAccountability;
			sourceTree = "<group>";
		};
		675CC9902A00D6DD0021C2DC /* View */ = {
			isa = PBXGroup;
			children = (
			);
			path = View;
			sourceTree = "<group>";
		};
		675CC9912A00D6EA0021C2DC /* Controller */ = {
			isa = PBXGroup;
			children = (
				675CC9802A00D26F0021C2DC /* AlarmListViewController.swift */,
				6707A51C2A14D8A600425CB2 /* AlarmDetailsViewController.swift */,
			);
			path = Controller;
			sourceTree = "<group>";
		};
		675CC9922A00D6F70021C2DC /* Model */ = {
			isa = PBXGroup;
			children = (
				6707A5182A14901C00425CB2 /* AlarmCell.swift */,
				6707A51A2A149CF900425CB2 /* Alarm.swift */,
				67479F2C2A17419100FC8F04 /* ActionButton.swift */,
			);
			path = Model;
			sourceTree = "<group>";
		};
		67A801952A15BB12004882FD /* Utilities */ = {
			isa = PBXGroup;
			children = (
				67A801962A15BB31004882FD /* Constants.swift */,
			);
			path = Utilities;
			sourceTree = "<group>";
		};
/* End PBXGroup section */

/* Begin PBXNativeTarget section */
		675CC9782A00D26F0021C2DC /* AlarmAccountability */ = {
			isa = PBXNativeTarget;
			buildConfigurationList = 675CC98D2A00D2710021C2DC /* Build configuration list for PBXNativeTarget "AlarmAccountability" */;
			buildPhases = (
				675CC9752A00D26F0021C2DC /* Sources */,
				675CC9762A00D26F0021C2DC /* Frameworks */,
				675CC9772A00D26F0021C2DC /* Resources */,
			);
			buildRules = (
			);
			dependencies = (
			);
			name = AlarmAccountability;
			productName = AlarmAccountability;
			productReference = 675CC9792A00D26F0021C2DC /* AlarmAccountability.app */;
			productType = "com.apple.product-type.application";
		};
/* End PBXNativeTarget section */

/* Begin PBXProject section */
		675CC9712A00D26F0021C2DC /* Project object */ = {
			isa = PBXProject;
			attributes = {
				BuildIndependentTargetsInParallel = 1;
				LastSwiftUpdateCheck = 1340;
				LastUpgradeCheck = 1340;
				TargetAttributes = {
					675CC9782A00D26F0021C2DC = {
						CreatedOnToolsVersion = 13.4.1;
					};
				};
			};
			buildConfigurationList = 675CC9742A00D26F0021C2DC /* Build configuration list for PBXProject "AlarmAccountability" */;
			compatibilityVersion = "Xcode 13.0";
			developmentRegion = en;
			hasScannedForEncodings = 0;
			knownRegions = (
				en,
				Base,
			);
			mainGroup = 675CC9702A00D26F0021C2DC;
			productRefGroup = 675CC97A2A00D26F0021C2DC /* Products */;
			projectDirPath = "";
			projectRoot = "";
			targets = (
				675CC9782A00D26F0021C2DC /* AlarmAccountability */,
			);
		};
/* End PBXProject section */

/* Begin PBXResourcesBuildPhase section */
		675CC9772A00D26F0021C2DC /* Resources */ = {
			isa = PBXResourcesBuildPhase;
			buildActionMask = 2147483647;
			files = (
				675CC9892A00D2710021C2DC /* LaunchScreen.storyboard in Resources */,
				675CC9862A00D2710021C2DC /* Assets.xcassets in Resources */,
			);
			runOnlyForDeploymentPostprocessing = 0;
		};
/* End PBXResourcesBuildPhase section */

/* Begin PBXSourcesBuildPhase section */
		675CC9752A00D26F0021C2DC /* Sources */ = {
			isa = PBXSourcesBuildPhase;
			buildActionMask = 2147483647;
			files = (
				6707A5192A14901C00425CB2 /* AlarmCell.swift in Sources */,
				675CC9812A00D26F0021C2DC /* AlarmListViewController.swift in Sources */,
				6707A51D2A14D8A600425CB2 /* AlarmDetailsViewController.swift in Sources */,
				675CC97D2A00D26F0021C2DC /* AppDelegate.swift in Sources */,
				67A801972A15BB31004882FD /* Constants.swift in Sources */,
				675CC97F2A00D26F0021C2DC /* SceneDelegate.swift in Sources */,
				6707A51B2A149CF900425CB2 /* Alarm.swift in Sources */,
				67479F2D2A17419100FC8F04 /* ActionButton.swift in Sources */,
			);
			runOnlyForDeploymentPostprocessing = 0;
		};
/* End PBXSourcesBuildPhase section */

/* Begin PBXVariantGroup section */
		675CC9872A00D2710021C2DC /* LaunchScreen.storyboard */ = {
			isa = PBXVariantGroup;
			children = (
				675CC9882A00D2710021C2DC /* Base */,
			);
			name = LaunchScreen.storyboard;
			sourceTree = "<group>";
		};
/* End PBXVariantGroup section */

/* Begin XCBuildConfiguration section */
		675CC98B2A00D2710021C2DC /* Debug */ = {
			isa = XCBuildConfiguration;
			buildSettings = {
				ALWAYS_SEARCH_USER_PATHS = NO;
				CLANG_ANALYZER_NONNULL = YES;
				CLANG_ANALYZER_NUMBER_OBJECT_CONVERSION = YES_AGGRESSIVE;
				CLANG_CXX_LANGUAGE_STANDARD = "gnu++17";
				CLANG_ENABLE_MODULES = YES;
				CLANG_ENABLE_OBJC_ARC = YES;
				CLANG_ENABLE_OBJC_WEAK = YES;
				CLANG_WARN_BLOCK_CAPTURE_AUTORELEASING = YES;
				CLANG_WARN_BOOL_CONVERSION = YES;
				CLANG_WARN_COMMA = YES;
				CLANG_WARN_CONSTANT_CONVERSION = YES;
				CLANG_WARN_DEPRECATED_OBJC_IMPLEMENTATIONS = YES;
				CLANG_WARN_DIRECT_OBJC_ISA_USAGE = YES_ERROR;
				CLANG_WARN_DOCUMENTATION_COMMENTS = YES;
				CLANG_WARN_EMPTY_BODY = YES;
				CLANG_WARN_ENUM_CONVERSION = YES;
				CLANG_WARN_INFINITE_RECURSION = YES;
				CLANG_WARN_INT_CONVERSION = YES;
				CLANG_WARN_NON_LITERAL_NULL_CONVERSION = YES;
				CLANG_WARN_OBJC_IMPLICIT_RETAIN_SELF = YES;
				CLANG_WARN_OBJC_LITERAL_CONVERSION = YES;
				CLANG_WARN_OBJC_ROOT_CLASS = YES_ERROR;
				CLANG_WARN_QUOTED_INCLUDE_IN_FRAMEWORK_HEADER = YES;
				CLANG_WARN_RANGE_LOOP_ANALYSIS = YES;
				CLANG_WARN_STRICT_PROTOTYPES = YES;
				CLANG_WARN_SUSPICIOUS_MOVE = YES;
				CLANG_WARN_UNGUARDED_AVAILABILITY = YES_AGGRESSIVE;
				CLANG_WARN_UNREACHABLE_CODE = YES;
				CLANG_WARN__DUPLICATE_METHOD_MATCH = YES;
				COPY_PHASE_STRIP = NO;
				DEBUG_INFORMATION_FORMAT = dwarf;
				ENABLE_STRICT_OBJC_MSGSEND = YES;
				ENABLE_TESTABILITY = YES;
				GCC_C_LANGUAGE_STANDARD = gnu11;
				GCC_DYNAMIC_NO_PIC = NO;
				GCC_NO_COMMON_BLOCKS = YES;
				GCC_OPTIMIZATION_LEVEL = 0;
				GCC_PREPROCESSOR_DEFINITIONS = (
					"DEBUG=1",
					"$(inherited)",
				);
				GCC_WARN_64_TO_32_BIT_CONVERSION = YES;
				GCC_WARN_ABOUT_RETURN_TYPE = YES_ERROR;
				GCC_WARN_UNDECLARED_SELECTOR = YES;
				GCC_WARN_UNINITIALIZED_AUTOS = YES_AGGRESSIVE;
				GCC_WARN_UNUSED_FUNCTION = YES;
				GCC_WARN_UNUSED_VARIABLE = YES;
				IPHONEOS_DEPLOYMENT_TARGET = 15.5;
				MTL_ENABLE_DEBUG_INFO = INCLUDE_SOURCE;
				MTL_FAST_MATH = YES;
				ONLY_ACTIVE_ARCH = YES;
				SDKROOT = iphoneos;
				SWIFT_ACTIVE_COMPILATION_CONDITIONS = DEBUG;
				SWIFT_OPTIMIZATION_LEVEL = "-Onone";
			};
			name = Debug;
		};
		675CC98C2A00D2710021C2DC /* Release */ = {
			isa = XCBuildConfiguration;
			buildSettings = {
				ALWAYS_SEARCH_USER_PATHS = NO;
				CLANG_ANALYZER_NONNULL = YES;
				CLANG_ANALYZER_NUMBER_OBJECT_CONVERSION = YES_AGGRESSIVE;
				CLANG_CXX_LANGUAGE_STANDARD = "gnu++17";
				CLANG_ENABLE_MODULES = YES;
				CLANG_ENABLE_OBJC_ARC = YES;
				CLANG_ENABLE_OBJC_WEAK = YES;
				CLANG_WARN_BLOCK_CAPTURE_AUTORELEASING = YES;
				CLANG_WARN_BOOL_CONVERSION = YES;
				CLANG_WARN_COMMA = YES;
				CLANG_WARN_CONSTANT_CONVERSION = YES;
				CLANG_WARN_DEPRECATED_OBJC_IMPLEMENTATIONS = YES;
				CLANG_WARN_DIRECT_OBJC_ISA_USAGE = YES_ERROR;
				CLANG_WARN_DOCUMENTATION_COMMENTS = YES;
				CLANG_WARN_EMPTY_BODY = YES;
				CLANG_WARN_ENUM_CONVERSION = YES;
				CLANG_WARN_INFINITE_RECURSION = YES;
				CLANG_WARN_INT_CONVERSION = YES;
				CLANG_WARN_NON_LITERAL_NULL_CONVERSION = YES;
				CLANG_WARN_OBJC_IMPLICIT_RETAIN_SELF = YES;
				CLANG_WARN_OBJC_LITERAL_CONVERSION = YES;
				CLANG_WARN_OBJC_ROOT_CLASS = YES_ERROR;
				CLANG_WARN_QUOTED_INCLUDE_IN_FRAMEWORK_HEADER = YES;
				CLANG_WARN_RANGE_LOOP_ANALYSIS = YES;
				CLANG_WARN_STRICT_PROTOTYPES = YES;
				CLANG_WARN_SUSPICIOUS_MOVE = YES;
				CLANG_WARN_UNGUARDED_AVAILABILITY = YES_AGGRESSIVE;
				CLANG_WARN_UNREACHABLE_CODE = YES;
				CLANG_WARN__DUPLICATE_METHOD_MATCH = YES;
				COPY_PHASE_STRIP = NO;
				DEBUG_INFORMATION_FORMAT = "dwarf-with-dsym";
				ENABLE_NS_ASSERTIONS = NO;
				ENABLE_STRICT_OBJC_MSGSEND = YES;
				GCC_C_LANGUAGE_STANDARD = gnu11;
				GCC_NO_COMMON_BLOCKS = YES;
				GCC_WARN_64_TO_32_BIT_CONVERSION = YES;
				GCC_WARN_ABOUT_RETURN_TYPE = YES_ERROR;
				GCC_WARN_UNDECLARED_SELECTOR = YES;
				GCC_WARN_UNINITIALIZED_AUTOS = YES_AGGRESSIVE;
				GCC_WARN_UNUSED_FUNCTION = YES;
				GCC_WARN_UNUSED_VARIABLE = YES;
				IPHONEOS_DEPLOYMENT_TARGET = 15.5;
				MTL_ENABLE_DEBUG_INFO = NO;
				MTL_FAST_MATH = YES;
				SDKROOT = iphoneos;
				SWIFT_COMPILATION_MODE = wholemodule;
				SWIFT_OPTIMIZATION_LEVEL = "-O";
				VALIDATE_PRODUCT = YES;
			};
			name = Release;
		};
		675CC98E2A00D2710021C2DC /* Debug */ = {
			isa = XCBuildConfiguration;
			buildSettings = {
				ASSETCATALOG_COMPILER_APPICON_NAME = AppIcon;
				ASSETCATALOG_COMPILER_GLOBAL_ACCENT_COLOR_NAME = AccentColor;
				CODE_SIGN_STYLE = Automatic;
				CURRENT_PROJECT_VERSION = 1;
				DEVELOPMENT_TEAM = WXYM8D895K;
				GENERATE_INFOPLIST_FILE = YES;
				INFOPLIST_FILE = AlarmAccountability/Info.plist;
				INFOPLIST_KEY_CFBundleDisplayName = Alarmy;
				INFOPLIST_KEY_UIApplicationSupportsIndirectInputEvents = YES;
				INFOPLIST_KEY_UILaunchStoryboardName = LaunchScreen;
				INFOPLIST_KEY_UISupportedInterfaceOrientations = UIInterfaceOrientationPortrait;
				INFOPLIST_KEY_UISupportedInterfaceOrientations_iPad = UIInterfaceOrientationPortrait;
				INFOPLIST_KEY_UISupportedInterfaceOrientations_iPhone = UIInterfaceOrientationPortrait;
				IPHONEOS_DEPLOYMENT_TARGET = 15.0;
				LD_RUNPATH_SEARCH_PATHS = (
					"$(inherited)",
					"@executable_path/Frameworks",
				);
				MARKETING_VERSION = 1.0;
				PRODUCT_BUNDLE_IDENTIFIER = com.avrodzz.AlarmAccountability;
				PRODUCT_NAME = "$(TARGET_NAME)";
				SWIFT_EMIT_LOC_STRINGS = YES;
				SWIFT_VERSION = 5.0;
				TARGETED_DEVICE_FAMILY = "1,2";
			};
			name = Debug;
		};
		675CC98F2A00D2710021C2DC /* Release */ = {
			isa = XCBuildConfiguration;
			buildSettings = {
				ASSETCATALOG_COMPILER_APPICON_NAME = AppIcon;
				ASSETCATALOG_COMPILER_GLOBAL_ACCENT_COLOR_NAME = AccentColor;
				CODE_SIGN_STYLE = Automatic;
				CURRENT_PROJECT_VERSION = 1;
				DEVELOPMENT_TEAM = WXYM8D895K;
				GENERATE_INFOPLIST_FILE = YES;
				INFOPLIST_FILE = AlarmAccountability/Info.plist;
				INFOPLIST_KEY_CFBundleDisplayName = Alarmy;
				INFOPLIST_KEY_UIApplicationSupportsIndirectInputEvents = YES;
				INFOPLIST_KEY_UILaunchStoryboardName = LaunchScreen;
				INFOPLIST_KEY_UISupportedInterfaceOrientations = UIInterfaceOrientationPortrait;
				INFOPLIST_KEY_UISupportedInterfaceOrientations_iPad = UIInterfaceOrientationPortrait;
				INFOPLIST_KEY_UISupportedInterfaceOrientations_iPhone = UIInterfaceOrientationPortrait;
				IPHONEOS_DEPLOYMENT_TARGET = 15.0;
				LD_RUNPATH_SEARCH_PATHS = (
					"$(inherited)",
					"@executable_path/Frameworks",
				);
				MARKETING_VERSION = 1.0;
				PRODUCT_BUNDLE_IDENTIFIER = com.avrodzz.AlarmAccountability;
				PRODUCT_NAME = "$(TARGET_NAME)";
				SWIFT_EMIT_LOC_STRINGS = YES;
				SWIFT_VERSION = 5.0;
				TARGETED_DEVICE_FAMILY = "1,2";
			};
			name = Release;
		};
/* End XCBuildConfiguration section */

/* Begin XCConfigurationList section */
		675CC9742A00D26F0021C2DC /* Build configuration list for PBXProject "AlarmAccountability" */ = {
			isa = XCConfigurationList;
			buildConfigurations = (
				675CC98B2A00D2710021C2DC /* Debug */,
				675CC98C2A00D2710021C2DC /* Release */,
			);
			defaultConfigurationIsVisible = 0;
			defaultConfigurationName = Release;
		};
		675CC98D2A00D2710021C2DC /* Build configuration list for PBXNativeTarget "AlarmAccountability" */ = {
			isa = XCConfigurationList;
			buildConfigurations = (
				675CC98E2A00D2710021C2DC /* Debug */,
				675CC98F2A00D2710021C2DC /* Release */,
			);
			defaultConfigurationIsVisible = 0;
			defaultConfigurationName = Release;
		};
/* End XCConfigurationList section */
	};
	rootObject = 675CC9712A00D26F0021C2DC /* Project object */;
}
